// !$*UTF8*$!
{
	archiveVersion = 1;
	classes = {
	};
	objectVersion = 55;
	objects = {

/* Begin PBXBuildFile section */
		C7023A97287EBBEA009ACBEB /* Constants.swift in Sources */ = {isa = PBXBuildFile; fileRef = C7023A96287EBBEA009ACBEB /* Constants.swift */; };
		C7DC23B82875D06A00026302 /* AppDelegate.swift in Sources */ = {isa = PBXBuildFile; fileRef = C7DC23B72875D06A00026302 /* AppDelegate.swift */; };
		C7DC23BA2875D06A00026302 /* SceneDelegate.swift in Sources */ = {isa = PBXBuildFile; fileRef = C7DC23B92875D06A00026302 /* SceneDelegate.swift */; };
		C7DC23BC2875D06A00026302 /* MainViewController.swift in Sources */ = {isa = PBXBuildFile; fileRef = C7DC23BB2875D06A00026302 /* MainViewController.swift */; };
		C7DC23BF2875D06A00026302 /* Main.storyboard in Resources */ = {isa = PBXBuildFile; fileRef = C7DC23BD2875D06A00026302 /* Main.storyboard */; };
		C7DC23C12875D06C00026302 /* Assets.xcassets in Resources */ = {isa = PBXBuildFile; fileRef = C7DC23C02875D06C00026302 /* Assets.xcassets */; };
		C7DC23C42875D06C00026302 /* LaunchScreen.storyboard in Resources */ = {isa = PBXBuildFile; fileRef = C7DC23C22875D06C00026302 /* LaunchScreen.storyboard */; };
		C7DC23D02876D18700026302 /* Door.swift in Sources */ = {isa = PBXBuildFile; fileRef = C7DC23CF2876D18700026302 /* Door.swift */; };
		C7DC23D22876E16900026302 /* TableHeader.swift in Sources */ = {isa = PBXBuildFile; fileRef = C7DC23D12876E16900026302 /* TableHeader.swift */; };
		C7DC23D42876F2FC00026302 /* DoorTableCell.swift in Sources */ = {isa = PBXBuildFile; fileRef = C7DC23D32876F2FC00026302 /* DoorTableCell.swift */; };
		C7DC23D828786F8C00026302 /* APICaller.swift in Sources */ = {isa = PBXBuildFile; fileRef = C7DC23D728786F8C00026302 /* APICaller.swift */; };
		C7DC23DD2878782A00026302 /* SplashViewController.swift in Sources */ = {isa = PBXBuildFile; fileRef = C7DC23DC2878782A00026302 /* SplashViewController.swift */; };
		C7FC602F287C268100B690C1 /* LeftLoadingImageView.swift in Sources */ = {isa = PBXBuildFile; fileRef = C7FC602E287C268100B690C1 /* LeftLoadingImageView.swift */; };
		C7FC6034287C601F00B690C1 /* CircularProgressView.swift in Sources */ = {isa = PBXBuildFile; fileRef = C7FC6033287C601F00B690C1 /* CircularProgressView.swift */; };
		C7FC6037287C793000B690C1 /* DoorCellDelegate.swift in Sources */ = {isa = PBXBuildFile; fileRef = C7FC6036287C793000B690C1 /* DoorCellDelegate.swift */; };
		C7FC603B287D715400B690C1 /* RightLoadingImageView.swift in Sources */ = {isa = PBXBuildFile; fileRef = C7FC603A287D715400B690C1 /* RightLoadingImageView.swift */; };
		C7FC6041287DBE6900B690C1 /* WelcomeStackVew.swift in Sources */ = {isa = PBXBuildFile; fileRef = C7FC6040287DBE6900B690C1 /* WelcomeStackVew.swift */; };
		C7FC6047287DEEAA00B690C1 /* Sk-Modernist-Bold.otf in Resources */ = {isa = PBXBuildFile; fileRef = C7FC6045287DEEAA00B690C1 /* Sk-Modernist-Bold.otf */; };
		C7FC6048287DEEAA00B690C1 /* Sk-Modernist-Regular.otf in Resources */ = {isa = PBXBuildFile; fileRef = C7FC6046287DEEAA00B690C1 /* Sk-Modernist-Regular.otf */; };
		E8A59C892FEF85B1005E1DCF /* Pods_MyDoorTestProject.framework in Frameworks */ = {isa = PBXBuildFile; fileRef = 0A774687992EE2FBA1E9C11A /* Pods_MyDoorTestProject.framework */; };
/* End PBXBuildFile section */

/* Begin PBXFileReference section */
		0A774687992EE2FBA1E9C11A /* Pods_MyDoorTestProject.framework */ = {isa = PBXFileReference; explicitFileType = wrapper.framework; includeInIndex = 0; path = Pods_MyDoorTestProject.framework; sourceTree = BUILT_PRODUCTS_DIR; };
		491B9894177066A31A18D558 /* Pods-MyDoorTestProject.release.xcconfig */ = {isa = PBXFileReference; includeInIndex = 1; lastKnownFileType = text.xcconfig; name = "Pods-MyDoorTestProject.release.xcconfig"; path = "Target Support Files/Pods-MyDoorTestProject/Pods-MyDoorTestProject.release.xcconfig"; sourceTree = "<group>"; };
		C7023A96287EBBEA009ACBEB /* Constants.swift */ = {isa = PBXFileReference; lastKnownFileType = sourcecode.swift; path = Constants.swift; sourceTree = "<group>"; };
		C7DC23B42875D06A00026302 /* MyDoorTestProject.app */ = {isa = PBXFileReference; explicitFileType = wrapper.application; includeInIndex = 0; path = MyDoorTestProject.app; sourceTree = BUILT_PRODUCTS_DIR; };
		C7DC23B72875D06A00026302 /* AppDelegate.swift */ = {isa = PBXFileReference; lastKnownFileType = sourcecode.swift; path = AppDelegate.swift; sourceTree = "<group>"; };
		C7DC23B92875D06A00026302 /* SceneDelegate.swift */ = {isa = PBXFileReference; lastKnownFileType = sourcecode.swift; path = SceneDelegate.swift; sourceTree = "<group>"; };
		C7DC23BB2875D06A00026302 /* MainViewController.swift */ = {isa = PBXFileReference; lastKnownFileType = sourcecode.swift; path = MainViewController.swift; sourceTree = "<group>"; };
		C7DC23BE2875D06A00026302 /* Base */ = {isa = PBXFileReference; lastKnownFileType = file.storyboard; name = Base; path = Base.lproj/Main.storyboard; sourceTree = "<group>"; };
		C7DC23C02875D06C00026302 /* Assets.xcassets */ = {isa = PBXFileReference; lastKnownFileType = folder.assetcatalog; path = Assets.xcassets; sourceTree = "<group>"; };
		C7DC23C32875D06C00026302 /* Base */ = {isa = PBXFileReference; lastKnownFileType = file.storyboard; name = Base; path = Base.lproj/LaunchScreen.storyboard; sourceTree = "<group>"; };
		C7DC23C52875D06C00026302 /* Info.plist */ = {isa = PBXFileReference; lastKnownFileType = text.plist.xml; path = Info.plist; sourceTree = "<group>"; };
		C7DC23CF2876D18700026302 /* Door.swift */ = {isa = PBXFileReference; lastKnownFileType = sourcecode.swift; path = Door.swift; sourceTree = "<group>"; };
		C7DC23D12876E16900026302 /* TableHeader.swift */ = {isa = PBXFileReference; lastKnownFileType = sourcecode.swift; path = TableHeader.swift; sourceTree = "<group>"; };
		C7DC23D32876F2FC00026302 /* DoorTableCell.swift */ = {isa = PBXFileReference; lastKnownFileType = sourcecode.swift; path = DoorTableCell.swift; sourceTree = "<group>"; };
		C7DC23D728786F8C00026302 /* APICaller.swift */ = {isa = PBXFileReference; lastKnownFileType = sourcecode.swift; path = APICaller.swift; sourceTree = "<group>"; };
		C7DC23DC2878782A00026302 /* SplashViewController.swift */ = {isa = PBXFileReference; lastKnownFileType = sourcecode.swift; path = SplashViewController.swift; sourceTree = "<group>"; };
		C7FC602E287C268100B690C1 /* LeftLoadingImageView.swift */ = {isa = PBXFileReference; lastKnownFileType = sourcecode.swift; path = LeftLoadingImageView.swift; sourceTree = "<group>"; };
		C7FC6033287C601F00B690C1 /* CircularProgressView.swift */ = {isa = PBXFileReference; lastKnownFileType = sourcecode.swift; path = CircularProgressView.swift; sourceTree = "<group>"; };
		C7FC6036287C793000B690C1 /* DoorCellDelegate.swift */ = {isa = PBXFileReference; lastKnownFileType = sourcecode.swift; path = DoorCellDelegate.swift; sourceTree = "<group>"; };
		C7FC603A287D715400B690C1 /* RightLoadingImageView.swift */ = {isa = PBXFileReference; lastKnownFileType = sourcecode.swift; path = RightLoadingImageView.swift; sourceTree = "<group>"; };
		C7FC6040287DBE6900B690C1 /* WelcomeStackVew.swift */ = {isa = PBXFileReference; lastKnownFileType = sourcecode.swift; path = WelcomeStackVew.swift; sourceTree = "<group>"; };
		C7FC6045287DEEAA00B690C1 /* Sk-Modernist-Bold.otf */ = {isa = PBXFileReference; lastKnownFileType = file; path = "Sk-Modernist-Bold.otf"; sourceTree = "<group>"; };
		C7FC6046287DEEAA00B690C1 /* Sk-Modernist-Regular.otf */ = {isa = PBXFileReference; lastKnownFileType = file; path = "Sk-Modernist-Regular.otf"; sourceTree = "<group>"; };
		F54175AFD027D0788CEC0C92 /* Pods-MyDoorTestProject.debug.xcconfig */ = {isa = PBXFileReference; includeInIndex = 1; lastKnownFileType = text.xcconfig; name = "Pods-MyDoorTestProject.debug.xcconfig"; path = "Target Support Files/Pods-MyDoorTestProject/Pods-MyDoorTestProject.debug.xcconfig"; sourceTree = "<group>"; };
/* End PBXFileReference section */

/* Begin PBXFrameworksBuildPhase section */
		C7DC23B12875D06A00026302 /* Frameworks */ = {
			isa = PBXFrameworksBuildPhase;
			buildActionMask = 2147483647;
			files = (
				E8A59C892FEF85B1005E1DCF /* Pods_MyDoorTestProject.framework in Frameworks */,
			);
			runOnlyForDeploymentPostprocessing = 0;
		};
/* End PBXFrameworksBuildPhase section */

/* Begin PBXGroup section */
		78A176C08E5506CB62991153 /* Pods */ = {
			isa = PBXGroup;
			children = (
				F54175AFD027D0788CEC0C92 /* Pods-MyDoorTestProject.debug.xcconfig */,
				491B9894177066A31A18D558 /* Pods-MyDoorTestProject.release.xcconfig */,
			);
			path = Pods;
			sourceTree = "<group>";
		};
		C7DC23AB2875D06A00026302 = {
			isa = PBXGroup;
			children = (
				C7DC23B62875D06A00026302 /* MyDoorTestProject */,
				C7DC23B52875D06A00026302 /* Products */,
				78A176C08E5506CB62991153 /* Pods */,
				E69F7363ECD61FF79B295B6E /* Frameworks */,
			);
			sourceTree = "<group>";
		};
		C7DC23B52875D06A00026302 /* Products */ = {
			isa = PBXGroup;
			children = (
				C7DC23B42875D06A00026302 /* MyDoorTestProject.app */,
			);
			name = Products;
			sourceTree = "<group>";
		};
		C7DC23B62875D06A00026302 /* MyDoorTestProject */ = {
			isa = PBXGroup;
			children = (
				C7DC23D92878743300026302 /* Application */,
				C7DC23DB2878780A00026302 /* Controller */,
				C7DC23E228788C9600026302 /* Model */,
				C7DC23E328788CA100026302 /* TableViewCell */,
				C7FC6030287C321B00B690C1 /* View */,
				C7FC6035287C791700B690C1 /* Helper */,
				C7DC23DA2878744F00026302 /* Storyboards */,
				C7FC6042287DEE5300B690C1 /* SupportFiles */,
				C7DC23C52875D06C00026302 /* Info.plist */,
			);
			path = MyDoorTestProject;
			sourceTree = "<group>";
		};
		C7DC23D92878743300026302 /* Application */ = {
			isa = PBXGroup;
			children = (
				C7DC23B72875D06A00026302 /* AppDelegate.swift */,
				C7DC23B92875D06A00026302 /* SceneDelegate.swift */,
			);
			path = Application;
			sourceTree = "<group>";
		};
		C7DC23DA2878744F00026302 /* Storyboards */ = {
			isa = PBXGroup;
			children = (
				C7DC23BD2875D06A00026302 /* Main.storyboard */,
				C7DC23C22875D06C00026302 /* LaunchScreen.storyboard */,
			);
			path = Storyboards;
			sourceTree = "<group>";
		};
		C7DC23DB2878780A00026302 /* Controller */ = {
			isa = PBXGroup;
			children = (
				C7DC23BB2875D06A00026302 /* MainViewController.swift */,
				C7DC23DC2878782A00026302 /* SplashViewController.swift */,
			);
			path = Controller;
			sourceTree = "<group>";
		};
		C7DC23E228788C9600026302 /* Model */ = {
			isa = PBXGroup;
			children = (
				C7DC23CF2876D18700026302 /* Door.swift */,
				C7DC23D728786F8C00026302 /* APICaller.swift */,
				C7023A96287EBBEA009ACBEB /* Constants.swift */,
			);
			path = Model;
			sourceTree = "<group>";
		};
		C7DC23E328788CA100026302 /* TableViewCell */ = {
			isa = PBXGroup;
			children = (
				C7DC23D12876E16900026302 /* TableHeader.swift */,
				C7DC23D32876F2FC00026302 /* DoorTableCell.swift */,
			);
			path = TableViewCell;
			sourceTree = "<group>";
		};
		C7FC6030287C321B00B690C1 /* View */ = {
			isa = PBXGroup;
			children = (
				C7FC602E287C268100B690C1 /* LeftLoadingImageView.swift */,
				C7FC603A287D715400B690C1 /* RightLoadingImageView.swift */,
				C7FC6040287DBE6900B690C1 /* WelcomeStackVew.swift */,
				C7FC6033287C601F00B690C1 /* CircularProgressView.swift */,
			);
			path = View;
			sourceTree = "<group>";
		};
		C7FC6035287C791700B690C1 /* Helper */ = {
			isa = PBXGroup;
			children = (
				C7FC6036287C793000B690C1 /* DoorCellDelegate.swift */,
			);
			path = Helper;
			sourceTree = "<group>";
		};
		C7FC6042287DEE5300B690C1 /* SupportFiles */ = {
			isa = PBXGroup;
			children = (
				C7FC6044287DEE8000B690C1 /* Fonts */,
				C7DC23C02875D06C00026302 /* Assets.xcassets */,
			);
			path = SupportFiles;
			sourceTree = "<group>";
		};
		C7FC6044287DEE8000B690C1 /* Fonts */ = {
			isa = PBXGroup;
			children = (
				C7FC6045287DEEAA00B690C1 /* Sk-Modernist-Bold.otf */,
				C7FC6046287DEEAA00B690C1 /* Sk-Modernist-Regular.otf */,
			);
			path = Fonts;
			sourceTree = "<group>";
		};
		E69F7363ECD61FF79B295B6E /* Frameworks */ = {
			isa = PBXGroup;
			children = (
				0A774687992EE2FBA1E9C11A /* Pods_MyDoorTestProject.framework */,
			);
			name = Frameworks;
			sourceTree = "<group>";
		};
/* End PBXGroup section */

/* Begin PBXNativeTarget section */
		C7DC23B32875D06A00026302 /* MyDoorTestProject */ = {
			isa = PBXNativeTarget;
			buildConfigurationList = C7DC23C82875D06C00026302 /* Build configuration list for PBXNativeTarget "MyDoorTestProject" */;
			buildPhases = (
				7ED215F428B02B957D79B71F /* [CP] Check Pods Manifest.lock */,
				C7DC23B02875D06A00026302 /* Sources */,
				C7DC23B12875D06A00026302 /* Frameworks */,
				C7DC23B22875D06A00026302 /* Resources */,
				A8993E411E73A3BCF547C055 /* [CP] Embed Pods Frameworks */,
			);
			buildRules = (
			);
			dependencies = (
			);
			name = MyDoorTestProject;
			productName = MyDoorTestProject;
			productReference = C7DC23B42875D06A00026302 /* MyDoorTestProject.app */;
			productType = "com.apple.product-type.application";
		};
/* End PBXNativeTarget section */

/* Begin PBXProject section */
		C7DC23AC2875D06A00026302 /* Project object */ = {
			isa = PBXProject;
			attributes = {
				BuildIndependentTargetsInParallel = 1;
				LastSwiftUpdateCheck = 1340;
				LastUpgradeCheck = 1340;
				TargetAttributes = {
					C7DC23B32875D06A00026302 = {
						CreatedOnToolsVersion = 13.4.1;
					};
				};
			};
			buildConfigurationList = C7DC23AF2875D06A00026302 /* Build configuration list for PBXProject "MyDoorTestProject" */;
			compatibilityVersion = "Xcode 13.0";
			developmentRegion = en;
			hasScannedForEncodings = 0;
			knownRegions = (
				en,
				Base,
			);
			mainGroup = C7DC23AB2875D06A00026302;
			productRefGroup = C7DC23B52875D06A00026302 /* Products */;
			projectDirPath = "";
			projectRoot = "";
			targets = (
				C7DC23B32875D06A00026302 /* MyDoorTestProject */,
			);
		};
/* End PBXProject section */

/* Begin PBXResourcesBuildPhase section */
		C7DC23B22875D06A00026302 /* Resources */ = {
			isa = PBXResourcesBuildPhase;
			buildActionMask = 2147483647;
			files = (
				C7FC6048287DEEAA00B690C1 /* Sk-Modernist-Regular.otf in Resources */,
				C7DC23C42875D06C00026302 /* LaunchScreen.storyboard in Resources */,
				C7DC23C12875D06C00026302 /* Assets.xcassets in Resources */,
				C7FC6047287DEEAA00B690C1 /* Sk-Modernist-Bold.otf in Resources */,
				C7DC23BF2875D06A00026302 /* Main.storyboard in Resources */,
			);
			runOnlyForDeploymentPostprocessing = 0;
		};
/* End PBXResourcesBuildPhase section */

/* Begin PBXShellScriptBuildPhase section */
		7ED215F428B02B957D79B71F /* [CP] Check Pods Manifest.lock */ = {
			isa = PBXShellScriptBuildPhase;
			buildActionMask = 2147483647;
			files = (
			);
			inputFileListPaths = (
			);
			inputPaths = (
				"${PODS_PODFILE_DIR_PATH}/Podfile.lock",
				"${PODS_ROOT}/Manifest.lock",
			);
			name = "[CP] Check Pods Manifest.lock";
			outputFileListPaths = (
			);
			outputPaths = (
				"$(DERIVED_FILE_DIR)/Pods-MyDoorTestProject-checkManifestLockResult.txt",
			);
			runOnlyForDeploymentPostprocessing = 0;
			shellPath = /bin/sh;
			shellScript = "diff \"${PODS_PODFILE_DIR_PATH}/Podfile.lock\" \"${PODS_ROOT}/Manifest.lock\" > /dev/null\nif [ $? != 0 ] ; then\n    # print error to STDERR\n    echo \"error: The sandbox is not in sync with the Podfile.lock. Run 'pod install' or update your CocoaPods installation.\" >&2\n    exit 1\nfi\n# This output is used by Xcode 'outputs' to avoid re-running this script phase.\necho \"SUCCESS\" > \"${SCRIPT_OUTPUT_FILE_0}\"\n";
			showEnvVarsInLog = 0;
		};
		A8993E411E73A3BCF547C055 /* [CP] Embed Pods Frameworks */ = {
			isa = PBXShellScriptBuildPhase;
			buildActionMask = 2147483647;
			files = (
			);
			inputFileListPaths = (
				"${PODS_ROOT}/Target Support Files/Pods-MyDoorTestProject/Pods-MyDoorTestProject-frameworks-${CONFIGURATION}-input-files.xcfilelist",
			);
			name = "[CP] Embed Pods Frameworks";
			outputFileListPaths = (
				"${PODS_ROOT}/Target Support Files/Pods-MyDoorTestProject/Pods-MyDoorTestProject-frameworks-${CONFIGURATION}-output-files.xcfilelist",
			);
			runOnlyForDeploymentPostprocessing = 0;
			shellPath = /bin/sh;
			shellScript = "\"${PODS_ROOT}/Target Support Files/Pods-MyDoorTestProject/Pods-MyDoorTestProject-frameworks.sh\"\n";
			showEnvVarsInLog = 0;
		};
/* End PBXShellScriptBuildPhase section */

/* Begin PBXSourcesBuildPhase section */
		C7DC23B02875D06A00026302 /* Sources */ = {
			isa = PBXSourcesBuildPhase;
			buildActionMask = 2147483647;
			files = (
				C7FC602F287C268100B690C1 /* LeftLoadingImageView.swift in Sources */,
				C7DC23BC2875D06A00026302 /* MainViewController.swift in Sources */,
				C7DC23B82875D06A00026302 /* AppDelegate.swift in Sources */,
				C7DC23D42876F2FC00026302 /* DoorTableCell.swift in Sources */,
				C7DC23DD2878782A00026302 /* SplashViewController.swift in Sources */,
				C7FC603B287D715400B690C1 /* RightLoadingImageView.swift in Sources */,
				C7DC23D828786F8C00026302 /* APICaller.swift in Sources */,
				C7DC23D02876D18700026302 /* Door.swift in Sources */,
				C7DC23BA2875D06A00026302 /* SceneDelegate.swift in Sources */,
				C7FC6041287DBE6900B690C1 /* WelcomeStackVew.swift in Sources */,
				C7DC23D22876E16900026302 /* TableHeader.swift in Sources */,
				C7023A97287EBBEA009ACBEB /* Constants.swift in Sources */,
				C7FC6034287C601F00B690C1 /* CircularProgressView.swift in Sources */,
				C7FC6037287C793000B690C1 /* DoorCellDelegate.swift in Sources */,
			);
			runOnlyForDeploymentPostprocessing = 0;
		};
/* End PBXSourcesBuildPhase section */

/* Begin PBXVariantGroup section */
		C7DC23BD2875D06A00026302 /* Main.storyboard */ = {
			isa = PBXVariantGroup;
			children = (
				C7DC23BE2875D06A00026302 /* Base */,
			);
			name = Main.storyboard;
			sourceTree = "<group>";
		};
		C7DC23C22875D06C00026302 /* LaunchScreen.storyboard */ = {
			isa = PBXVariantGroup;
			children = (
				C7DC23C32875D06C00026302 /* Base */,
			);
			name = LaunchScreen.storyboard;
			sourceTree = "<group>";
		};
/* End PBXVariantGroup section */

/* Begin XCBuildConfiguration section */
		C7DC23C62875D06C00026302 /* Debug */ = {
			isa = XCBuildConfiguration;
			buildSettings = {
				ALWAYS_SEARCH_USER_PATHS = NO;
				CLANG_ANALYZER_NONNULL = YES;
				CLANG_ANALYZER_NUMBER_OBJECT_CONVERSION = YES_AGGRESSIVE;
				CLANG_CXX_LANGUAGE_STANDARD = "gnu++17";
				CLANG_ENABLE_MODULES = YES;
				CLANG_ENABLE_OBJC_ARC = YES;
				CLANG_ENABLE_OBJC_WEAK = YES;
				CLANG_WARN_BLOCK_CAPTURE_AUTORELEASING = YES;
				CLANG_WARN_BOOL_CONVERSION = YES;
				CLANG_WARN_COMMA = YES;
				CLANG_WARN_CONSTANT_CONVERSION = YES;
				CLANG_WARN_DEPRECATED_OBJC_IMPLEMENTATIONS = YES;
				CLANG_WARN_DIRECT_OBJC_ISA_USAGE = YES_ERROR;
				CLANG_WARN_DOCUMENTATION_COMMENTS = YES;
				CLANG_WARN_EMPTY_BODY = YES;
				CLANG_WARN_ENUM_CONVERSION = YES;
				CLANG_WARN_INFINITE_RECURSION = YES;
				CLANG_WARN_INT_CONVERSION = YES;
				CLANG_WARN_NON_LITERAL_NULL_CONVERSION = YES;
				CLANG_WARN_OBJC_IMPLICIT_RETAIN_SELF = YES;
				CLANG_WARN_OBJC_LITERAL_CONVERSION = YES;
				CLANG_WARN_OBJC_ROOT_CLASS = YES_ERROR;
				CLANG_WARN_QUOTED_INCLUDE_IN_FRAMEWORK_HEADER = YES;
				CLANG_WARN_RANGE_LOOP_ANALYSIS = YES;
				CLANG_WARN_STRICT_PROTOTYPES = YES;
				CLANG_WARN_SUSPICIOUS_MOVE = YES;
				CLANG_WARN_UNGUARDED_AVAILABILITY = YES_AGGRESSIVE;
				CLANG_WARN_UNREACHABLE_CODE = YES;
				CLANG_WARN__DUPLICATE_METHOD_MATCH = YES;
				COPY_PHASE_STRIP = NO;
				DEBUG_INFORMATION_FORMAT = dwarf;
				ENABLE_STRICT_OBJC_MSGSEND = YES;
				ENABLE_TESTABILITY = YES;
				GCC_C_LANGUAGE_STANDARD = gnu11;
				GCC_DYNAMIC_NO_PIC = NO;
				GCC_NO_COMMON_BLOCKS = YES;
				GCC_OPTIMIZATION_LEVEL = 0;
				GCC_PREPROCESSOR_DEFINITIONS = (
					"DEBUG=1",
					"$(inherited)",
				);
				GCC_WARN_64_TO_32_BIT_CONVERSION = YES;
				GCC_WARN_ABOUT_RETURN_TYPE = YES_ERROR;
				GCC_WARN_UNDECLARED_SELECTOR = YES;
				GCC_WARN_UNINITIALIZED_AUTOS = YES_AGGRESSIVE;
				GCC_WARN_UNUSED_FUNCTION = YES;
				GCC_WARN_UNUSED_VARIABLE = YES;
				IPHONEOS_DEPLOYMENT_TARGET = 15.5;
				MTL_ENABLE_DEBUG_INFO = INCLUDE_SOURCE;
				MTL_FAST_MATH = YES;
				ONLY_ACTIVE_ARCH = YES;
				SDKROOT = iphoneos;
				SWIFT_ACTIVE_COMPILATION_CONDITIONS = DEBUG;
				SWIFT_OPTIMIZATION_LEVEL = "-Onone";
			};
			name = Debug;
		};
		C7DC23C72875D06C00026302 /* Release */ = {
			isa = XCBuildConfiguration;
			buildSettings = {
				ALWAYS_SEARCH_USER_PATHS = NO;
				CLANG_ANALYZER_NONNULL = YES;
				CLANG_ANALYZER_NUMBER_OBJECT_CONVERSION = YES_AGGRESSIVE;
				CLANG_CXX_LANGUAGE_STANDARD = "gnu++17";
				CLANG_ENABLE_MODULES = YES;
				CLANG_ENABLE_OBJC_ARC = YES;
				CLANG_ENABLE_OBJC_WEAK = YES;
				CLANG_WARN_BLOCK_CAPTURE_AUTORELEASING = YES;
				CLANG_WARN_BOOL_CONVERSION = YES;
				CLANG_WARN_COMMA = YES;
				CLANG_WARN_CONSTANT_CONVERSION = YES;
				CLANG_WARN_DEPRECATED_OBJC_IMPLEMENTATIONS = YES;
				CLANG_WARN_DIRECT_OBJC_ISA_USAGE = YES_ERROR;
				CLANG_WARN_DOCUMENTATION_COMMENTS = YES;
				CLANG_WARN_EMPTY_BODY = YES;
				CLANG_WARN_ENUM_CONVERSION = YES;
				CLANG_WARN_INFINITE_RECURSION = YES;
				CLANG_WARN_INT_CONVERSION = YES;
				CLANG_WARN_NON_LITERAL_NULL_CONVERSION = YES;
				CLANG_WARN_OBJC_IMPLICIT_RETAIN_SELF = YES;
				CLANG_WARN_OBJC_LITERAL_CONVERSION = YES;
				CLANG_WARN_OBJC_ROOT_CLASS = YES_ERROR;
				CLANG_WARN_QUOTED_INCLUDE_IN_FRAMEWORK_HEADER = YES;
				CLANG_WARN_RANGE_LOOP_ANALYSIS = YES;
				CLANG_WARN_STRICT_PROTOTYPES = YES;
				CLANG_WARN_SUSPICIOUS_MOVE = YES;
				CLANG_WARN_UNGUARDED_AVAILABILITY = YES_AGGRESSIVE;
				CLANG_WARN_UNREACHABLE_CODE = YES;
				CLANG_WARN__DUPLICATE_METHOD_MATCH = YES;
				COPY_PHASE_STRIP = NO;
				DEBUG_INFORMATION_FORMAT = "dwarf-with-dsym";
				ENABLE_NS_ASSERTIONS = NO;
				ENABLE_STRICT_OBJC_MSGSEND = YES;
				GCC_C_LANGUAGE_STANDARD = gnu11;
				GCC_NO_COMMON_BLOCKS = YES;
				GCC_WARN_64_TO_32_BIT_CONVERSION = YES;
				GCC_WARN_ABOUT_RETURN_TYPE = YES_ERROR;
				GCC_WARN_UNDECLARED_SELECTOR = YES;
				GCC_WARN_UNINITIALIZED_AUTOS = YES_AGGRESSIVE;
				GCC_WARN_UNUSED_FUNCTION = YES;
				GCC_WARN_UNUSED_VARIABLE = YES;
				IPHONEOS_DEPLOYMENT_TARGET = 15.5;
				MTL_ENABLE_DEBUG_INFO = NO;
				MTL_FAST_MATH = YES;
				SDKROOT = iphoneos;
				SWIFT_COMPILATION_MODE = wholemodule;
				SWIFT_OPTIMIZATION_LEVEL = "-O";
				VALIDATE_PRODUCT = YES;
			};
			name = Release;
		};
		C7DC23C92875D06C00026302 /* Debug */ = {
			isa = XCBuildConfiguration;
			baseConfigurationReference = F54175AFD027D0788CEC0C92 /* Pods-MyDoorTestProject.debug.xcconfig */;
			buildSettings = {
				ASSETCATALOG_COMPILER_APPICON_NAME = AppIcon;
				ASSETCATALOG_COMPILER_GLOBAL_ACCENT_COLOR_NAME = AccentColor;
				CODE_SIGN_STYLE = Automatic;
				CURRENT_PROJECT_VERSION = 1;
				DEVELOPMENT_TEAM = WL843Y6GAK;
				GENERATE_INFOPLIST_FILE = YES;
				INFOPLIST_FILE = MyDoorTestProject/Info.plist;
				INFOPLIST_KEY_UIApplicationSupportsIndirectInputEvents = YES;
				INFOPLIST_KEY_UILaunchStoryboardName = LaunchScreen;
				INFOPLIST_KEY_UIMainStoryboardFile = Main;
				INFOPLIST_KEY_UISupportedInterfaceOrientations_iPad = "UIInterfaceOrientationPortrait UIInterfaceOrientationPortraitUpsideDown UIInterfaceOrientationLandscapeLeft UIInterfaceOrientationLandscapeRight";
				INFOPLIST_KEY_UISupportedInterfaceOrientations_iPhone = "UIInterfaceOrientationPortrait UIInterfaceOrientationLandscapeLeft UIInterfaceOrientationLandscapeRight";
				LD_RUNPATH_SEARCH_PATHS = (
					"$(inherited)",
					"@executable_path/Frameworks",
				);
				MARKETING_VERSION = 1.0;
				PRODUCT_BUNDLE_IDENTIFIER = com.albondarchuk.MyDoorTestProject;
				PRODUCT_NAME = "$(TARGET_NAME)";
				SWIFT_EMIT_LOC_STRINGS = YES;
				SWIFT_VERSION = 5.0;
				TARGETED_DEVICE_FAMILY = "1,2";
			};
			name = Debug;
		};
		C7DC23CA2875D06C00026302 /* Release */ = {
			isa = XCBuildConfiguration;
			baseConfigurationReference = 491B9894177066A31A18D558 /* Pods-MyDoorTestProject.release.xcconfig */;
			buildSettings = {
				ASSETCATALOG_COMPILER_APPICON_NAME = AppIcon;
				ASSETCATALOG_COMPILER_GLOBAL_ACCENT_COLOR_NAME = AccentColor;
				CODE_SIGN_STYLE = Automatic;
				CURRENT_PROJECT_VERSION = 1;
				DEVELOPMENT_TEAM = WL843Y6GAK;
				GENERATE_INFOPLIST_FILE = YES;
				INFOPLIST_FILE = MyDoorTestProject/Info.plist;
				INFOPLIST_KEY_UIApplicationSupportsIndirectInputEvents = YES;
				INFOPLIST_KEY_UILaunchStoryboardName = LaunchScreen;
				INFOPLIST_KEY_UIMainStoryboardFile = Main;
				INFOPLIST_KEY_UISupportedInterfaceOrientations_iPad = "UIInterfaceOrientationPortrait UIInterfaceOrientationPortraitUpsideDown UIInterfaceOrientationLandscapeLeft UIInterfaceOrientationLandscapeRight";
				INFOPLIST_KEY_UISupportedInterfaceOrientations_iPhone = "UIInterfaceOrientationPortrait UIInterfaceOrientationLandscapeLeft UIInterfaceOrientationLandscapeRight";
				LD_RUNPATH_SEARCH_PATHS = (
					"$(inherited)",
					"@executable_path/Frameworks",
				);
				MARKETING_VERSION = 1.0;
				PRODUCT_BUNDLE_IDENTIFIER = com.albondarchuk.MyDoorTestProject;
				PRODUCT_NAME = "$(TARGET_NAME)";
				SWIFT_EMIT_LOC_STRINGS = YES;
				SWIFT_VERSION = 5.0;
				TARGETED_DEVICE_FAMILY = "1,2";
			};
			name = Release;
		};
/* End XCBuildConfiguration section */

/* Begin XCConfigurationList section */
		C7DC23AF2875D06A00026302 /* Build configuration list for PBXProject "MyDoorTestProject" */ = {
			isa = XCConfigurationList;
			buildConfigurations = (
				C7DC23C62875D06C00026302 /* Debug */,
				C7DC23C72875D06C00026302 /* Release */,
			);
			defaultConfigurationIsVisible = 0;
			defaultConfigurationName = Release;
		};
		C7DC23C82875D06C00026302 /* Build configuration list for PBXNativeTarget "MyDoorTestProject" */ = {
			isa = XCConfigurationList;
			buildConfigurations = (
				C7DC23C92875D06C00026302 /* Debug */,
				C7DC23CA2875D06C00026302 /* Release */,
			);
			defaultConfigurationIsVisible = 0;
			defaultConfigurationName = Release;
		};
/* End XCConfigurationList section */
	};
	rootObject = C7DC23AC2875D06A00026302 /* Project object */;
}
